
Microsoft Visual Studio Solution File, Format Version 12.00
# Visual Studio Version 16
VisualStudioVersion = 16.0.32630.194
MinimumVisualStudioVersion = 10.0.40219.1
Project("{FAE04EC0-301F-11D3-BF4B-00C04F79EFBC}") = "WpfApp", "WpfApp\WpfApp.csproj", "{D03C20F1-BE66-45BE-80FD-618EE3D1469A}"
EndProject
Global
	GlobalSection(SolutionConfigurationPlatforms) = preSolution
		Debug|Any CPU = Debug|Any CPU
		Debug|x64 = Debug|x64
		Release|Any CPU = Release|Any CPU
		Release|x64 = Release|x64
	EndGlobalSection
	GlobalSection(ProjectConfigurationPlatforms) = postSolution
		{D03C20F1-BE66-45BE-80FD-618EE3D1469A}.Debug|Any CPU.ActiveCfg = Debug|Any CPU
		{D03C20F1-BE66-45BE-80FD-618EE3D1469A}.Debug|Any CPU.Build.0 = Debug|Any CPU
		{D03C20F1-BE66-45BE-80FD-618EE3D1469A}.Debug|x64.ActiveCfg = Debug|x64
		{D03C20F1-BE66-45BE-80FD-618EE3D1469A}.Debug|x64.Build.0 = Debug|x64
		{D03C20F1-BE66-45BE-80FD-618EE3D1469A}.Release|Any CPU.ActiveCfg = Release|Any CPU
		{D03C20F1-BE66-45BE-80FD-618EE3D1469A}.Release|Any CPU.Build.0 = Release|Any CPU
		{D03C20F1-BE66-45BE-80FD-618EE3D1469A}.Release|x64.ActiveCfg = Release|Any CPU
		{D03C20F1-BE66-45BE-80FD-618EE3D1469A}.Release|x64.Build.0 = Release|Any CPU
	EndGlobalSection
	GlobalSection(SolutionProperties) = preSolution
		HideSolutionNode = FALSE
	EndGlobalSection
	GlobalSection(ExtensibilityGlobals) = postSolution
		SolutionGuid = {4ECA790E-93B7-4C0D-A42C-E1CAD886F9A5}
	EndGlobalSection
EndGlobal
