
Microsoft Visual Studio Solution File, Format Version 12.00
# Visual Studio 15
VisualStudioVersion = 15.0.27703.2026
MinimumVisualStudioVersion = 10.0.40219.1
Project("{FAE04EC0-301F-11D3-BF4B-00C04F79EFBC}") = "WpfDictionarySerialization", "WpfDictionarySerialization\WpfDictionarySerialization.csproj", "{63A992C0-9759-42F1-87F3-E767B1CFECD8}"
EndProject
Global
	GlobalSection(SolutionConfigurationPlatforms) = preSolution
		Debug|Any CPU = Debug|Any CPU
		Release|Any CPU = Release|Any CPU
	EndGlobalSection
	GlobalSection(ProjectConfigurationPlatforms) = postSolution
		{63A992C0-9759-42F1-87F3-E767B1CFECD8}.Debug|Any CPU.ActiveCfg = Debug|Any CPU
		{63A992C0-9759-42F1-87F3-E767B1CFECD8}.Debug|Any CPU.Build.0 = Debug|Any CPU
		{63A992C0-9759-42F1-87F3-E767B1CFECD8}.Release|Any CPU.ActiveCfg = Release|Any CPU
		{63A992C0-9759-42F1-87F3-E767B1CFECD8}.Release|Any CPU.Build.0 = Release|Any CPU
	EndGlobalSection
	GlobalSection(SolutionProperties) = preSolution
		HideSolutionNode = FALSE
	EndGlobalSection
	GlobalSection(ExtensibilityGlobals) = postSolution
		SolutionGuid = {F515597B-DEEB-4178-866A-2CF379E1B957}
	EndGlobalSection
EndGlobal
