
Microsoft Visual Studio Solution File, Format Version 12.00
# Visual Studio Version 16
VisualStudioVersion = 16.0.31624.102
MinimumVisualStudioVersion = 10.0.40219.1
Project("{FAE04EC0-301F-11D3-BF4B-00C04F79EFBC}") = "ImageEdit", "ImageEdit\ImageEdit.csproj", "{255384D3-065B-4090-A709-71D16D903029}"
EndProject
Global
	GlobalSection(SolutionConfigurationPlatforms) = preSolution
		Debug|Any CPU = Debug|Any CPU
		Debug|x64 = Debug|x64
		Release|Any CPU = Release|Any CPU
		Release|x64 = Release|x64
	EndGlobalSection
	GlobalSection(ProjectConfigurationPlatforms) = postSolution
		{255384D3-065B-4090-A709-71D16D903029}.Debug|Any CPU.ActiveCfg = Debug|Any CPU
		{255384D3-065B-4090-A709-71D16D903029}.Debug|Any CPU.Build.0 = Debug|Any CPU
		{255384D3-065B-4090-A709-71D16D903029}.Debug|x64.ActiveCfg = Debug|x64
		{255384D3-065B-4090-A709-71D16D903029}.Debug|x64.Build.0 = Debug|x64
		{255384D3-065B-4090-A709-71D16D903029}.Release|Any CPU.ActiveCfg = Release|Any CPU
		{255384D3-065B-4090-A709-71D16D903029}.Release|Any CPU.Build.0 = Release|Any CPU
		{255384D3-065B-4090-A709-71D16D903029}.Release|x64.ActiveCfg = Release|x64
		{255384D3-065B-4090-A709-71D16D903029}.Release|x64.Build.0 = Release|x64
	EndGlobalSection
	GlobalSection(SolutionProperties) = preSolution
		HideSolutionNode = FALSE
	EndGlobalSection
	GlobalSection(ExtensibilityGlobals) = postSolution
		SolutionGuid = {C776D35E-4CF6-4217-A7A1-7E0A5C08B213}
	EndGlobalSection
EndGlobal
