
Microsoft Visual Studio Solution File, Format Version 12.00
# Visual Studio 15
VisualStudioVersion = 15.0.27004.2002
MinimumVisualStudioVersion = 10.0.40219.1
Project("{FAE04EC0-301F-11D3-BF4B-00C04F79EFBC}") = "WpfBase", "WpfBase\WpfBase.csproj", "{2E20262B-634E-497F-89F7-E9EF64819C16}"
EndProject
Global
	GlobalSection(SolutionConfigurationPlatforms) = preSolution
		Debug|Any CPU = Debug|Any CPU
		Debug|x64 = Debug|x64
		Release|Any CPU = Release|Any CPU
		Release|x64 = Release|x64
	EndGlobalSection
	GlobalSection(ProjectConfigurationPlatforms) = postSolution
		{2E20262B-634E-497F-89F7-E9EF64819C16}.Debug|Any CPU.ActiveCfg = Debug|Any CPU
		{2E20262B-634E-497F-89F7-E9EF64819C16}.Debug|Any CPU.Build.0 = Debug|Any CPU
		{2E20262B-634E-497F-89F7-E9EF64819C16}.Debug|x64.ActiveCfg = Debug|x64
		{2E20262B-634E-497F-89F7-E9EF64819C16}.Debug|x64.Build.0 = Debug|x64
		{2E20262B-634E-497F-89F7-E9EF64819C16}.Release|Any CPU.ActiveCfg = Release|Any CPU
		{2E20262B-634E-497F-89F7-E9EF64819C16}.Release|Any CPU.Build.0 = Release|Any CPU
		{2E20262B-634E-497F-89F7-E9EF64819C16}.Release|x64.ActiveCfg = Release|x64
		{2E20262B-634E-497F-89F7-E9EF64819C16}.Release|x64.Build.0 = Release|x64
	EndGlobalSection
	GlobalSection(SolutionProperties) = preSolution
		HideSolutionNode = FALSE
	EndGlobalSection
	GlobalSection(ExtensibilityGlobals) = postSolution
		SolutionGuid = {5701E6E4-E47D-47E4-98E1-0759E5165B80}
	EndGlobalSection
EndGlobal
