
Microsoft Visual Studio Solution File, Format Version 12.00
# Visual Studio 15
VisualStudioVersion = 15.0.28307.852
MinimumVisualStudioVersion = 10.0.40219.1
Project("{FAE04EC0-301F-11D3-BF4B-00C04F79EFBC}") = "WpfApp", "WpfApp\WpfApp.csproj", "{B6C2E8E3-E1FD-432B-B4F1-54F9A990155F}"
EndProject
Global
	GlobalSection(SolutionConfigurationPlatforms) = preSolution
		Debug|Any CPU = Debug|Any CPU
		Release|Any CPU = Release|Any CPU
	EndGlobalSection
	GlobalSection(ProjectConfigurationPlatforms) = postSolution
		{B6C2E8E3-E1FD-432B-B4F1-54F9A990155F}.Debug|Any CPU.ActiveCfg = Debug|Any CPU
		{B6C2E8E3-E1FD-432B-B4F1-54F9A990155F}.Debug|Any CPU.Build.0 = Debug|Any CPU
		{B6C2E8E3-E1FD-432B-B4F1-54F9A990155F}.Release|Any CPU.ActiveCfg = Release|Any CPU
		{B6C2E8E3-E1FD-432B-B4F1-54F9A990155F}.Release|Any CPU.Build.0 = Release|Any CPU
	EndGlobalSection
	GlobalSection(SolutionProperties) = preSolution
		HideSolutionNode = FALSE
	EndGlobalSection
	GlobalSection(ExtensibilityGlobals) = postSolution
		SolutionGuid = {B4C98CA2-3EA6-4F16-AF60-B56A2A453A1B}
	EndGlobalSection
EndGlobal
