
Microsoft Visual Studio Solution File, Format Version 12.00
# Visual Studio 15
VisualStudioVersion = 15.0.27004.2002
MinimumVisualStudioVersion = 10.0.40219.1
Project("{FAE04EC0-301F-11D3-BF4B-00C04F79EFBC}") = "WpfApp", "WpfApp\WpfApp.csproj", "{A5C81BCB-D58D-493D-B312-B932702D7E0C}"
EndProject
Global
	GlobalSection(SolutionConfigurationPlatforms) = preSolution
		Debug|Any CPU = Debug|Any CPU
		Debug|x64 = Debug|x64
		Release|Any CPU = Release|Any CPU
		Release|x64 = Release|x64
	EndGlobalSection
	GlobalSection(ProjectConfigurationPlatforms) = postSolution
		{A5C81BCB-D58D-493D-B312-B932702D7E0C}.Debug|Any CPU.ActiveCfg = Debug|Any CPU
		{A5C81BCB-D58D-493D-B312-B932702D7E0C}.Debug|Any CPU.Build.0 = Debug|Any CPU
		{A5C81BCB-D58D-493D-B312-B932702D7E0C}.Debug|x64.ActiveCfg = Debug|x64
		{A5C81BCB-D58D-493D-B312-B932702D7E0C}.Debug|x64.Build.0 = Debug|x64
		{A5C81BCB-D58D-493D-B312-B932702D7E0C}.Release|Any CPU.ActiveCfg = Release|Any CPU
		{A5C81BCB-D58D-493D-B312-B932702D7E0C}.Release|Any CPU.Build.0 = Release|Any CPU
		{A5C81BCB-D58D-493D-B312-B932702D7E0C}.Release|x64.ActiveCfg = Release|x64
		{A5C81BCB-D58D-493D-B312-B932702D7E0C}.Release|x64.Build.0 = Release|x64
	EndGlobalSection
	GlobalSection(SolutionProperties) = preSolution
		HideSolutionNode = FALSE
	EndGlobalSection
	GlobalSection(ExtensibilityGlobals) = postSolution
		SolutionGuid = {7F0EA845-56F1-4CB9-8310-05798F7FD31C}
	EndGlobalSection
EndGlobal
