
Microsoft Visual Studio Solution File, Format Version 12.00
# Visual Studio 15
VisualStudioVersion = 15.0.27703.2026
MinimumVisualStudioVersion = 10.0.40219.1
Project("{FAE04EC0-301F-11D3-BF4B-00C04F79EFBC}") = "CsBase", "CsBase\CsBase.csproj", "{D7771BD5-3B5B-41D7-8A35-F507DBAE6A32}"
EndProject
Global
	GlobalSection(SolutionConfigurationPlatforms) = preSolution
		Debug|Any CPU = Debug|Any CPU
		Release|Any CPU = Release|Any CPU
	EndGlobalSection
	GlobalSection(ProjectConfigurationPlatforms) = postSolution
		{D7771BD5-3B5B-41D7-8A35-F507DBAE6A32}.Debug|Any CPU.ActiveCfg = Debug|Any CPU
		{D7771BD5-3B5B-41D7-8A35-F507DBAE6A32}.Debug|Any CPU.Build.0 = Debug|Any CPU
		{D7771BD5-3B5B-41D7-8A35-F507DBAE6A32}.Release|Any CPU.ActiveCfg = Release|Any CPU
		{D7771BD5-3B5B-41D7-8A35-F507DBAE6A32}.Release|Any CPU.Build.0 = Release|Any CPU
	EndGlobalSection
	GlobalSection(SolutionProperties) = preSolution
		HideSolutionNode = FALSE
	EndGlobalSection
	GlobalSection(ExtensibilityGlobals) = postSolution
		SolutionGuid = {1FC81D2C-E38B-44F4-9422-8EC0FD2ABC55}
	EndGlobalSection
EndGlobal
