
Microsoft Visual Studio Solution File, Format Version 12.00
# Visual Studio 15
VisualStudioVersion = 15.0.28307.852
MinimumVisualStudioVersion = 10.0.40219.1
Project("{8BC9CEB8-8B4A-11D0-8D11-00A0C91BC942}") = "MyCppDll", "MyCppDll\MyCppDll.vcxproj", "{A8A617C4-FF08-4F67-932A-DA88D07D7FFA}"
EndProject
Global
	GlobalSection(SolutionConfigurationPlatforms) = preSolution
		Debug|x64 = Debug|x64
		Debug|x86 = Debug|x86
		Release|x64 = Release|x64
		Release|x86 = Release|x86
	EndGlobalSection
	GlobalSection(ProjectConfigurationPlatforms) = postSolution
		{A8A617C4-FF08-4F67-932A-DA88D07D7FFA}.Debug|x64.ActiveCfg = Debug|x64
		{A8A617C4-FF08-4F67-932A-DA88D07D7FFA}.Debug|x64.Build.0 = Debug|x64
		{A8A617C4-FF08-4F67-932A-DA88D07D7FFA}.Debug|x86.ActiveCfg = Debug|Win32
		{A8A617C4-FF08-4F67-932A-DA88D07D7FFA}.Debug|x86.Build.0 = Debug|Win32
		{A8A617C4-FF08-4F67-932A-DA88D07D7FFA}.Release|x64.ActiveCfg = Release|x64
		{A8A617C4-FF08-4F67-932A-DA88D07D7FFA}.Release|x64.Build.0 = Release|x64
		{A8A617C4-FF08-4F67-932A-DA88D07D7FFA}.Release|x86.ActiveCfg = Release|Win32
		{A8A617C4-FF08-4F67-932A-DA88D07D7FFA}.Release|x86.Build.0 = Release|Win32
	EndGlobalSection
	GlobalSection(SolutionProperties) = preSolution
		HideSolutionNode = FALSE
	EndGlobalSection
	GlobalSection(ExtensibilityGlobals) = postSolution
		SolutionGuid = {1462C7FB-4C7A-4B13-BDEB-098CB7E9959A}
	EndGlobalSection
EndGlobal
