
Microsoft Visual Studio Solution File, Format Version 12.00
# Visual Studio 15
VisualStudioVersion = 15.0.27004.2002
MinimumVisualStudioVersion = 10.0.40219.1
Project("{FAE04EC0-301F-11D3-BF4B-00C04F79EFBC}") = "WpfColor", "WpfColor\WpfColor.csproj", "{DFAA16CB-A662-49F0-95E8-73FC288335F9}"
EndProject
Global
	GlobalSection(SolutionConfigurationPlatforms) = preSolution
		Debug|Any CPU = Debug|Any CPU
		Debug|x64 = Debug|x64
		Release|Any CPU = Release|Any CPU
		Release|x64 = Release|x64
	EndGlobalSection
	GlobalSection(ProjectConfigurationPlatforms) = postSolution
		{DFAA16CB-A662-49F0-95E8-73FC288335F9}.Debug|Any CPU.ActiveCfg = Debug|Any CPU
		{DFAA16CB-A662-49F0-95E8-73FC288335F9}.Debug|Any CPU.Build.0 = Debug|Any CPU
		{DFAA16CB-A662-49F0-95E8-73FC288335F9}.Debug|x64.ActiveCfg = Debug|x64
		{DFAA16CB-A662-49F0-95E8-73FC288335F9}.Debug|x64.Build.0 = Debug|x64
		{DFAA16CB-A662-49F0-95E8-73FC288335F9}.Release|Any CPU.ActiveCfg = Release|Any CPU
		{DFAA16CB-A662-49F0-95E8-73FC288335F9}.Release|Any CPU.Build.0 = Release|Any CPU
		{DFAA16CB-A662-49F0-95E8-73FC288335F9}.Release|x64.ActiveCfg = Release|x64
		{DFAA16CB-A662-49F0-95E8-73FC288335F9}.Release|x64.Build.0 = Release|x64
	EndGlobalSection
	GlobalSection(SolutionProperties) = preSolution
		HideSolutionNode = FALSE
	EndGlobalSection
	GlobalSection(ExtensibilityGlobals) = postSolution
		SolutionGuid = {9FBFBA80-392F-4F6A-951F-B7C622CE94FA}
	EndGlobalSection
EndGlobal
