
Microsoft Visual Studio Solution File, Format Version 12.00
# Visual Studio 15
VisualStudioVersion = 15.0.27004.2002
MinimumVisualStudioVersion = 10.0.40219.1
Project("{FAE04EC0-301F-11D3-BF4B-00C04F79EFBC}") = "OpcUaDemo", "OpcUaDemo\OpcUaDemo.csproj", "{E4A40CF5-F930-41D8-BD5D-47DEF2E7277E}"
EndProject
Project("{FAE04EC0-301F-11D3-BF4B-00C04F79EFBC}") = "OpcLaserControllor", "OpcLaserControllor\OpcLaserControllor.csproj", "{FDFA4334-9878-458D-9EBE-974D4B91B4A3}"
EndProject
Project("{FAE04EC0-301F-11D3-BF4B-00C04F79EFBC}") = "LaserControllor", "LaserControllor\LaserControllor.csproj", "{B7615921-515E-489A-AD16-FEDA98B7A9C0}"
EndProject
Project("{FAE04EC0-301F-11D3-BF4B-00C04F79EFBC}") = "OpcUaControl", "OpcUaControl\OpcUaControl.csproj", "{9009A4FC-6F71-438D-AAD0-C2868E994C1D}"
EndProject
Project("{FAE04EC0-301F-11D3-BF4B-00C04F79EFBC}") = "HopcDemo", "HopcDemo\HopcDemo.csproj", "{F845E5CF-D62C-4994-9510-87D6D6FAC0F5}"
EndProject
Global
	GlobalSection(SolutionConfigurationPlatforms) = preSolution
		Debug|Any CPU = Debug|Any CPU
		Debug|x64 = Debug|x64
		Release|Any CPU = Release|Any CPU
		Release|x64 = Release|x64
	EndGlobalSection
	GlobalSection(ProjectConfigurationPlatforms) = postSolution
		{E4A40CF5-F930-41D8-BD5D-47DEF2E7277E}.Debug|Any CPU.ActiveCfg = Debug|Any CPU
		{E4A40CF5-F930-41D8-BD5D-47DEF2E7277E}.Debug|Any CPU.Build.0 = Debug|Any CPU
		{E4A40CF5-F930-41D8-BD5D-47DEF2E7277E}.Debug|x64.ActiveCfg = Debug|x64
		{E4A40CF5-F930-41D8-BD5D-47DEF2E7277E}.Debug|x64.Build.0 = Debug|x64
		{E4A40CF5-F930-41D8-BD5D-47DEF2E7277E}.Release|Any CPU.ActiveCfg = Release|Any CPU
		{E4A40CF5-F930-41D8-BD5D-47DEF2E7277E}.Release|Any CPU.Build.0 = Release|Any CPU
		{E4A40CF5-F930-41D8-BD5D-47DEF2E7277E}.Release|x64.ActiveCfg = Release|x64
		{E4A40CF5-F930-41D8-BD5D-47DEF2E7277E}.Release|x64.Build.0 = Release|x64
		{FDFA4334-9878-458D-9EBE-974D4B91B4A3}.Debug|Any CPU.ActiveCfg = Debug|Any CPU
		{FDFA4334-9878-458D-9EBE-974D4B91B4A3}.Debug|Any CPU.Build.0 = Debug|Any CPU
		{FDFA4334-9878-458D-9EBE-974D4B91B4A3}.Debug|x64.ActiveCfg = Debug|x64
		{FDFA4334-9878-458D-9EBE-974D4B91B4A3}.Debug|x64.Build.0 = Debug|x64
		{FDFA4334-9878-458D-9EBE-974D4B91B4A3}.Release|Any CPU.ActiveCfg = Release|Any CPU
		{FDFA4334-9878-458D-9EBE-974D4B91B4A3}.Release|Any CPU.Build.0 = Release|Any CPU
		{FDFA4334-9878-458D-9EBE-974D4B91B4A3}.Release|x64.ActiveCfg = Release|Any CPU
		{FDFA4334-9878-458D-9EBE-974D4B91B4A3}.Release|x64.Build.0 = Release|Any CPU
		{B7615921-515E-489A-AD16-FEDA98B7A9C0}.Debug|Any CPU.ActiveCfg = Debug|Any CPU
		{B7615921-515E-489A-AD16-FEDA98B7A9C0}.Debug|Any CPU.Build.0 = Debug|Any CPU
		{B7615921-515E-489A-AD16-FEDA98B7A9C0}.Debug|x64.ActiveCfg = Debug|x64
		{B7615921-515E-489A-AD16-FEDA98B7A9C0}.Debug|x64.Build.0 = Debug|x64
		{B7615921-515E-489A-AD16-FEDA98B7A9C0}.Release|Any CPU.ActiveCfg = Release|Any CPU
		{B7615921-515E-489A-AD16-FEDA98B7A9C0}.Release|Any CPU.Build.0 = Release|Any CPU
		{B7615921-515E-489A-AD16-FEDA98B7A9C0}.Release|x64.ActiveCfg = Release|x64
		{B7615921-515E-489A-AD16-FEDA98B7A9C0}.Release|x64.Build.0 = Release|x64
		{9009A4FC-6F71-438D-AAD0-C2868E994C1D}.Debug|Any CPU.ActiveCfg = Debug|Any CPU
		{9009A4FC-6F71-438D-AAD0-C2868E994C1D}.Debug|Any CPU.Build.0 = Debug|Any CPU
		{9009A4FC-6F71-438D-AAD0-C2868E994C1D}.Debug|x64.ActiveCfg = Debug|x64
		{9009A4FC-6F71-438D-AAD0-C2868E994C1D}.Debug|x64.Build.0 = Debug|x64
		{9009A4FC-6F71-438D-AAD0-C2868E994C1D}.Release|Any CPU.ActiveCfg = Release|Any CPU
		{9009A4FC-6F71-438D-AAD0-C2868E994C1D}.Release|Any CPU.Build.0 = Release|Any CPU
		{9009A4FC-6F71-438D-AAD0-C2868E994C1D}.Release|x64.ActiveCfg = Release|x64
		{9009A4FC-6F71-438D-AAD0-C2868E994C1D}.Release|x64.Build.0 = Release|x64
		{F845E5CF-D62C-4994-9510-87D6D6FAC0F5}.Debug|Any CPU.ActiveCfg = Debug|Any CPU
		{F845E5CF-D62C-4994-9510-87D6D6FAC0F5}.Debug|Any CPU.Build.0 = Debug|Any CPU
		{F845E5CF-D62C-4994-9510-87D6D6FAC0F5}.Debug|x64.ActiveCfg = Debug|x64
		{F845E5CF-D62C-4994-9510-87D6D6FAC0F5}.Debug|x64.Build.0 = Debug|x64
		{F845E5CF-D62C-4994-9510-87D6D6FAC0F5}.Release|Any CPU.ActiveCfg = Release|Any CPU
		{F845E5CF-D62C-4994-9510-87D6D6FAC0F5}.Release|Any CPU.Build.0 = Release|Any CPU
		{F845E5CF-D62C-4994-9510-87D6D6FAC0F5}.Release|x64.ActiveCfg = Release|Any CPU
		{F845E5CF-D62C-4994-9510-87D6D6FAC0F5}.Release|x64.Build.0 = Release|Any CPU
	EndGlobalSection
	GlobalSection(SolutionProperties) = preSolution
		HideSolutionNode = FALSE
	EndGlobalSection
	GlobalSection(ExtensibilityGlobals) = postSolution
		SolutionGuid = {4DE2806C-CF1A-444B-935B-7F4A2479D426}
	EndGlobalSection
EndGlobal
